
Microsoft Visual Studio Solution File, Format Version 12.00
# Visual Studio Version 16
VisualStudioVersion = 16.0.32630.194
MinimumVisualStudioVersion = 10.0.40219.1
Project("{8BC9CEB8-8B4A-11D0-8D11-00A0C91BC942}") = "STL_Step_06", "STL_Step_06\STL_Step_06.vcxproj", "{693BA277-F27B-4330-82C9-1D1FE309B45E}"
EndProject
Global
	GlobalSection(SolutionConfigurationPlatforms) = preSolution
		Debug|x64 = Debug|x64
		Debug|x86 = Debug|x86
		Release|x64 = Release|x64
		Release|x86 = Release|x86
	EndGlobalSection
	GlobalSection(ProjectConfigurationPlatforms) = postSolution
		{693BA277-F27B-4330-82C9-1D1FE309B45E}.Debug|x64.ActiveCfg = Debug|x64
		{693BA277-F27B-4330-82C9-1D1FE309B45E}.Debug|x64.Build.0 = Debug|x64
		{693BA277-F27B-4330-82C9-1D1FE309B45E}.Debug|x86.ActiveCfg = Debug|Win32
		{693BA277-F27B-4330-82C9-1D1FE309B45E}.Debug|x86.Build.0 = Debug|Win32
		{693BA277-F27B-4330-82C9-1D1FE309B45E}.Release|x64.ActiveCfg = Release|x64
		{693BA277-F27B-4330-82C9-1D1FE309B45E}.Release|x64.Build.0 = Release|x64
		{693BA277-F27B-4330-82C9-1D1FE309B45E}.Release|x86.ActiveCfg = Release|Win32
		{693BA277-F27B-4330-82C9-1D1FE309B45E}.Release|x86.Build.0 = Release|Win32
	EndGlobalSection
	GlobalSection(SolutionProperties) = preSolution
		HideSolutionNode = FALSE
	EndGlobalSection
	GlobalSection(ExtensibilityGlobals) = postSolution
		SolutionGuid = {5EFC6F52-0554-4DDB-8CD6-DF976485585E}
	EndGlobalSection
EndGlobal
