
Microsoft Visual Studio Solution File, Format Version 12.00
# Visual Studio Version 16
VisualStudioVersion = 16.0.32630.194
MinimumVisualStudioVersion = 10.0.40219.1
Project("{8BC9CEB8-8B4A-11D0-8D11-00A0C91BC942}") = "C_Edu_16", "C_Edu_16\C_Edu_16.vcxproj", "{7A21A7B1-A351-4EF3-966A-8431E2AECC07}"
EndProject
Global
	GlobalSection(SolutionConfigurationPlatforms) = preSolution
		Debug|x64 = Debug|x64
		Debug|x86 = Debug|x86
		Release|x64 = Release|x64
		Release|x86 = Release|x86
	EndGlobalSection
	GlobalSection(ProjectConfigurationPlatforms) = postSolution
		{7A21A7B1-A351-4EF3-966A-8431E2AECC07}.Debug|x64.ActiveCfg = Debug|x64
		{7A21A7B1-A351-4EF3-966A-8431E2AECC07}.Debug|x64.Build.0 = Debug|x64
		{7A21A7B1-A351-4EF3-966A-8431E2AECC07}.Debug|x86.ActiveCfg = Debug|Win32
		{7A21A7B1-A351-4EF3-966A-8431E2AECC07}.Debug|x86.Build.0 = Debug|Win32
		{7A21A7B1-A351-4EF3-966A-8431E2AECC07}.Release|x64.ActiveCfg = Release|x64
		{7A21A7B1-A351-4EF3-966A-8431E2AECC07}.Release|x64.Build.0 = Release|x64
		{7A21A7B1-A351-4EF3-966A-8431E2AECC07}.Release|x86.ActiveCfg = Release|Win32
		{7A21A7B1-A351-4EF3-966A-8431E2AECC07}.Release|x86.Build.0 = Release|Win32
	EndGlobalSection
	GlobalSection(SolutionProperties) = preSolution
		HideSolutionNode = FALSE
	EndGlobalSection
	GlobalSection(ExtensibilityGlobals) = postSolution
		SolutionGuid = {E7051E97-A02E-4293-A42B-E44FBE90530F}
	EndGlobalSection
EndGlobal
