
Microsoft Visual Studio Solution File, Format Version 12.00
# Visual Studio Version 16
VisualStudioVersion = 16.0.32630.194
MinimumVisualStudioVersion = 10.0.40219.1
Project("{8BC9CEB8-8B4A-11D0-8D11-00A0C91BC942}") = "C++_Edu10", "C++_Edu10\C++_Edu10.vcxproj", "{7344CA7F-2C39-4F46-A94C-333DE85AA482}"
EndProject
Global
	GlobalSection(SolutionConfigurationPlatforms) = preSolution
		Debug|x64 = Debug|x64
		Debug|x86 = Debug|x86
		Release|x64 = Release|x64
		Release|x86 = Release|x86
	EndGlobalSection
	GlobalSection(ProjectConfigurationPlatforms) = postSolution
		{7344CA7F-2C39-4F46-A94C-333DE85AA482}.Debug|x64.ActiveCfg = Debug|x64
		{7344CA7F-2C39-4F46-A94C-333DE85AA482}.Debug|x64.Build.0 = Debug|x64
		{7344CA7F-2C39-4F46-A94C-333DE85AA482}.Debug|x86.ActiveCfg = Debug|Win32
		{7344CA7F-2C39-4F46-A94C-333DE85AA482}.Debug|x86.Build.0 = Debug|Win32
		{7344CA7F-2C39-4F46-A94C-333DE85AA482}.Release|x64.ActiveCfg = Release|x64
		{7344CA7F-2C39-4F46-A94C-333DE85AA482}.Release|x64.Build.0 = Release|x64
		{7344CA7F-2C39-4F46-A94C-333DE85AA482}.Release|x86.ActiveCfg = Release|Win32
		{7344CA7F-2C39-4F46-A94C-333DE85AA482}.Release|x86.Build.0 = Release|Win32
	EndGlobalSection
	GlobalSection(SolutionProperties) = preSolution
		HideSolutionNode = FALSE
	EndGlobalSection
	GlobalSection(ExtensibilityGlobals) = postSolution
		SolutionGuid = {BF6E0464-0499-4416-8AB0-D8585683324F}
	EndGlobalSection
EndGlobal
