
Microsoft Visual Studio Solution File, Format Version 12.00
# Visual Studio Version 16
VisualStudioVersion = 16.0.32630.194
MinimumVisualStudioVersion = 10.0.40219.1
Project("{8BC9CEB8-8B4A-11D0-8D11-00A0C91BC942}") = "C++_Edu_07", "C++_Edu_07\C++_Edu_07.vcxproj", "{8722DBD8-1BD1-4755-BC7B-D00124E394F9}"
EndProject
Global
	GlobalSection(SolutionConfigurationPlatforms) = preSolution
		Debug|x64 = Debug|x64
		Debug|x86 = Debug|x86
		Release|x64 = Release|x64
		Release|x86 = Release|x86
	EndGlobalSection
	GlobalSection(ProjectConfigurationPlatforms) = postSolution
		{8722DBD8-1BD1-4755-BC7B-D00124E394F9}.Debug|x64.ActiveCfg = Debug|x64
		{8722DBD8-1BD1-4755-BC7B-D00124E394F9}.Debug|x64.Build.0 = Debug|x64
		{8722DBD8-1BD1-4755-BC7B-D00124E394F9}.Debug|x86.ActiveCfg = Debug|Win32
		{8722DBD8-1BD1-4755-BC7B-D00124E394F9}.Debug|x86.Build.0 = Debug|Win32
		{8722DBD8-1BD1-4755-BC7B-D00124E394F9}.Release|x64.ActiveCfg = Release|x64
		{8722DBD8-1BD1-4755-BC7B-D00124E394F9}.Release|x64.Build.0 = Release|x64
		{8722DBD8-1BD1-4755-BC7B-D00124E394F9}.Release|x86.ActiveCfg = Release|Win32
		{8722DBD8-1BD1-4755-BC7B-D00124E394F9}.Release|x86.Build.0 = Release|Win32
	EndGlobalSection
	GlobalSection(SolutionProperties) = preSolution
		HideSolutionNode = FALSE
	EndGlobalSection
	GlobalSection(ExtensibilityGlobals) = postSolution
		SolutionGuid = {4E7B2AED-387E-4FEC-AF29-D5F0625EE017}
	EndGlobalSection
EndGlobal
