
Microsoft Visual Studio Solution File, Format Version 12.00
# Visual Studio Version 16
VisualStudioVersion = 16.0.32630.194
MinimumVisualStudioVersion = 10.0.40219.1
Project("{FAE04EC0-301F-11D3-BF4B-00C04F79EFBC}") = "C_Edu_01", "C_Edu_01\C_Edu_01.csproj", "{CCADC87E-B84D-48E6-92C6-02D51D193C41}"
EndProject
Global
	GlobalSection(SolutionConfigurationPlatforms) = preSolution
		Debug|Any CPU = Debug|Any CPU
		Release|Any CPU = Release|Any CPU
	EndGlobalSection
	GlobalSection(ProjectConfigurationPlatforms) = postSolution
		{CCADC87E-B84D-48E6-92C6-02D51D193C41}.Debug|Any CPU.ActiveCfg = Debug|Any CPU
		{CCADC87E-B84D-48E6-92C6-02D51D193C41}.Debug|Any CPU.Build.0 = Debug|Any CPU
		{CCADC87E-B84D-48E6-92C6-02D51D193C41}.Release|Any CPU.ActiveCfg = Release|Any CPU
		{CCADC87E-B84D-48E6-92C6-02D51D193C41}.Release|Any CPU.Build.0 = Release|Any CPU
	EndGlobalSection
	GlobalSection(SolutionProperties) = preSolution
		HideSolutionNode = FALSE
	EndGlobalSection
	GlobalSection(ExtensibilityGlobals) = postSolution
		SolutionGuid = {5C67C390-D0AF-4AB2-8976-B701A4F55D7C}
	EndGlobalSection
EndGlobal
